
Microsoft Visual Studio Solution File, Format Version 12.00
# Visual Studio 2012
Project("{FAE04EC0-301F-11D3-BF4B-00C04F79EFBC}") = "Vista", "sigeci-angelitos-2\Vista.csproj", "{C841ECF0-CD7F-47EA-9B09-7F28EE87CB74}"
EndProject
Project("{FAE04EC0-301F-11D3-BF4B-00C04F79EFBC}") = "Modelo", "Modelo\Modelo.csproj", "{80BDA661-2857-4943-873C-B884B9EBCB50}"
EndProject
Project("{FAE04EC0-301F-11D3-BF4B-00C04F79EFBC}") = "Controlador", "Controlador\Controlador.csproj", "{D50A9DBE-5438-44B3-8FE8-698419398B8F}"
EndProject
Global
	GlobalSection(SubversionScc) = preSolution
		Svn-Managed = True
		Manager = AnkhSVN - Subversion Support for Visual Studio
	EndGlobalSection
	GlobalSection(SolutionConfigurationPlatforms) = preSolution
		Debug|Any CPU = Debug|Any CPU
		Release|Any CPU = Release|Any CPU
	EndGlobalSection
	GlobalSection(ProjectConfigurationPlatforms) = postSolution
		{C841ECF0-CD7F-47EA-9B09-7F28EE87CB74}.Debug|Any CPU.ActiveCfg = Debug|Any CPU
		{C841ECF0-CD7F-47EA-9B09-7F28EE87CB74}.Debug|Any CPU.Build.0 = Debug|Any CPU
		{C841ECF0-CD7F-47EA-9B09-7F28EE87CB74}.Release|Any CPU.ActiveCfg = Release|Any CPU
		{C841ECF0-CD7F-47EA-9B09-7F28EE87CB74}.Release|Any CPU.Build.0 = Release|Any CPU
		{80BDA661-2857-4943-873C-B884B9EBCB50}.Debug|Any CPU.ActiveCfg = Debug|Any CPU
		{80BDA661-2857-4943-873C-B884B9EBCB50}.Debug|Any CPU.Build.0 = Debug|Any CPU
		{80BDA661-2857-4943-873C-B884B9EBCB50}.Release|Any CPU.ActiveCfg = Release|Any CPU
		{80BDA661-2857-4943-873C-B884B9EBCB50}.Release|Any CPU.Build.0 = Release|Any CPU
		{D50A9DBE-5438-44B3-8FE8-698419398B8F}.Debug|Any CPU.ActiveCfg = Debug|Any CPU
		{D50A9DBE-5438-44B3-8FE8-698419398B8F}.Debug|Any CPU.Build.0 = Debug|Any CPU
		{D50A9DBE-5438-44B3-8FE8-698419398B8F}.Release|Any CPU.ActiveCfg = Release|Any CPU
		{D50A9DBE-5438-44B3-8FE8-698419398B8F}.Release|Any CPU.Build.0 = Release|Any CPU
	EndGlobalSection
	GlobalSection(SolutionProperties) = preSolution
		HideSolutionNode = FALSE
	EndGlobalSection
EndGlobal
