
Microsoft Visual Studio Solution File, Format Version 12.00
# Visual Studio 2012
Project("{FAE04EC0-301F-11D3-BF4B-00C04F79EFBC}") = "Vista", "sigeci-angelitos-2\Vista.csproj", "{C841ECF0-CD7F-47EA-9B09-7F28EE87CB74}"
EndProject
Project("{FAE04EC0-301F-11D3-BF4B-00C04F79EFBC}") = "Modelo", "Modelo\Modelo.csproj", "{1BDF4B69-E266-476C-ADC3-99F5AB096F56}"
EndProject
Project("{FAE04EC0-301F-11D3-BF4B-00C04F79EFBC}") = "Controlador", "Controlador\Controlador.csproj", "{08F9FC86-E0E4-4C88-B1DC-8993960A494C}"
EndProject
Global
	GlobalSection(SubversionScc) = preSolution
		Svn-Managed = True
		Manager = AnkhSVN - Subversion Support for Visual Studio
	EndGlobalSection
	GlobalSection(SolutionConfigurationPlatforms) = preSolution
		CD_ROM|Any CPU = CD_ROM|Any CPU
		CD_ROM|ARM = CD_ROM|ARM
		CD_ROM|Mixed Platforms = CD_ROM|Mixed Platforms
		CD_ROM|x64 = CD_ROM|x64
		CD_ROM|x86 = CD_ROM|x86
		Debug|Any CPU = Debug|Any CPU
		Debug|ARM = Debug|ARM
		Debug|Mixed Platforms = Debug|Mixed Platforms
		Debug|x64 = Debug|x64
		Debug|x86 = Debug|x86
		DVD-5|Any CPU = DVD-5|Any CPU
		DVD-5|ARM = DVD-5|ARM
		DVD-5|Mixed Platforms = DVD-5|Mixed Platforms
		DVD-5|x64 = DVD-5|x64
		DVD-5|x86 = DVD-5|x86
		Release|Any CPU = Release|Any CPU
		Release|ARM = Release|ARM
		Release|Mixed Platforms = Release|Mixed Platforms
		Release|x64 = Release|x64
		Release|x86 = Release|x86
		SingleImage|Any CPU = SingleImage|Any CPU
		SingleImage|ARM = SingleImage|ARM
		SingleImage|Mixed Platforms = SingleImage|Mixed Platforms
		SingleImage|x64 = SingleImage|x64
		SingleImage|x86 = SingleImage|x86
	EndGlobalSection
	GlobalSection(ProjectConfigurationPlatforms) = postSolution
		{C841ECF0-CD7F-47EA-9B09-7F28EE87CB74}.CD_ROM|Any CPU.ActiveCfg = Release|Any CPU
		{C841ECF0-CD7F-47EA-9B09-7F28EE87CB74}.CD_ROM|Any CPU.Build.0 = Release|Any CPU
		{C841ECF0-CD7F-47EA-9B09-7F28EE87CB74}.CD_ROM|ARM.ActiveCfg = Debug|Any CPU
		{C841ECF0-CD7F-47EA-9B09-7F28EE87CB74}.CD_ROM|Mixed Platforms.ActiveCfg = Debug|Any CPU
		{C841ECF0-CD7F-47EA-9B09-7F28EE87CB74}.CD_ROM|Mixed Platforms.Build.0 = Debug|Any CPU
		{C841ECF0-CD7F-47EA-9B09-7F28EE87CB74}.CD_ROM|x64.ActiveCfg = Debug|Any CPU
		{C841ECF0-CD7F-47EA-9B09-7F28EE87CB74}.CD_ROM|x86.ActiveCfg = Debug|Any CPU
		{C841ECF0-CD7F-47EA-9B09-7F28EE87CB74}.Debug|Any CPU.ActiveCfg = Debug|Any CPU
		{C841ECF0-CD7F-47EA-9B09-7F28EE87CB74}.Debug|Any CPU.Build.0 = Debug|Any CPU
		{C841ECF0-CD7F-47EA-9B09-7F28EE87CB74}.Debug|ARM.ActiveCfg = Debug|Any CPU
		{C841ECF0-CD7F-47EA-9B09-7F28EE87CB74}.Debug|Mixed Platforms.ActiveCfg = Debug|Any CPU
		{C841ECF0-CD7F-47EA-9B09-7F28EE87CB74}.Debug|Mixed Platforms.Build.0 = Debug|Any CPU
		{C841ECF0-CD7F-47EA-9B09-7F28EE87CB74}.Debug|x64.ActiveCfg = Debug|Any CPU
		{C841ECF0-CD7F-47EA-9B09-7F28EE87CB74}.Debug|x86.ActiveCfg = Debug|Any CPU
		{C841ECF0-CD7F-47EA-9B09-7F28EE87CB74}.DVD-5|Any CPU.ActiveCfg = Debug|Any CPU
		{C841ECF0-CD7F-47EA-9B09-7F28EE87CB74}.DVD-5|Any CPU.Build.0 = Debug|Any CPU
		{C841ECF0-CD7F-47EA-9B09-7F28EE87CB74}.DVD-5|ARM.ActiveCfg = Debug|Any CPU
		{C841ECF0-CD7F-47EA-9B09-7F28EE87CB74}.DVD-5|Mixed Platforms.ActiveCfg = Debug|Any CPU
		{C841ECF0-CD7F-47EA-9B09-7F28EE87CB74}.DVD-5|Mixed Platforms.Build.0 = Debug|Any CPU
		{C841ECF0-CD7F-47EA-9B09-7F28EE87CB74}.DVD-5|x64.ActiveCfg = Debug|Any CPU
		{C841ECF0-CD7F-47EA-9B09-7F28EE87CB74}.DVD-5|x86.ActiveCfg = Debug|Any CPU
		{C841ECF0-CD7F-47EA-9B09-7F28EE87CB74}.Release|Any CPU.ActiveCfg = Release|Any CPU
		{C841ECF0-CD7F-47EA-9B09-7F28EE87CB74}.Release|Any CPU.Build.0 = Release|Any CPU
		{C841ECF0-CD7F-47EA-9B09-7F28EE87CB74}.Release|ARM.ActiveCfg = Release|Any CPU
		{C841ECF0-CD7F-47EA-9B09-7F28EE87CB74}.Release|Mixed Platforms.ActiveCfg = Release|Any CPU
		{C841ECF0-CD7F-47EA-9B09-7F28EE87CB74}.Release|Mixed Platforms.Build.0 = Release|Any CPU
		{C841ECF0-CD7F-47EA-9B09-7F28EE87CB74}.Release|x64.ActiveCfg = Release|Any CPU
		{C841ECF0-CD7F-47EA-9B09-7F28EE87CB74}.Release|x86.ActiveCfg = Release|Any CPU
		{C841ECF0-CD7F-47EA-9B09-7F28EE87CB74}.SingleImage|Any CPU.ActiveCfg = Release|Any CPU
		{C841ECF0-CD7F-47EA-9B09-7F28EE87CB74}.SingleImage|Any CPU.Build.0 = Release|Any CPU
		{C841ECF0-CD7F-47EA-9B09-7F28EE87CB74}.SingleImage|ARM.ActiveCfg = Debug|Any CPU
		{C841ECF0-CD7F-47EA-9B09-7F28EE87CB74}.SingleImage|Mixed Platforms.ActiveCfg = Debug|Any CPU
		{C841ECF0-CD7F-47EA-9B09-7F28EE87CB74}.SingleImage|Mixed Platforms.Build.0 = Debug|Any CPU
		{C841ECF0-CD7F-47EA-9B09-7F28EE87CB74}.SingleImage|x64.ActiveCfg = Debug|Any CPU
		{C841ECF0-CD7F-47EA-9B09-7F28EE87CB74}.SingleImage|x86.ActiveCfg = Debug|Any CPU
		{1BDF4B69-E266-476C-ADC3-99F5AB096F56}.CD_ROM|Any CPU.ActiveCfg = Release|Any CPU
		{1BDF4B69-E266-476C-ADC3-99F5AB096F56}.CD_ROM|Any CPU.Build.0 = Release|Any CPU
		{1BDF4B69-E266-476C-ADC3-99F5AB096F56}.CD_ROM|ARM.ActiveCfg = Release|Any CPU
		{1BDF4B69-E266-476C-ADC3-99F5AB096F56}.CD_ROM|Mixed Platforms.ActiveCfg = Release|Any CPU
		{1BDF4B69-E266-476C-ADC3-99F5AB096F56}.CD_ROM|Mixed Platforms.Build.0 = Release|Any CPU
		{1BDF4B69-E266-476C-ADC3-99F5AB096F56}.CD_ROM|x64.ActiveCfg = Release|Any CPU
		{1BDF4B69-E266-476C-ADC3-99F5AB096F56}.CD_ROM|x86.ActiveCfg = Release|Any CPU
		{1BDF4B69-E266-476C-ADC3-99F5AB096F56}.Debug|Any CPU.ActiveCfg = Debug|Any CPU
		{1BDF4B69-E266-476C-ADC3-99F5AB096F56}.Debug|Any CPU.Build.0 = Debug|Any CPU
		{1BDF4B69-E266-476C-ADC3-99F5AB096F56}.Debug|ARM.ActiveCfg = Debug|Any CPU
		{1BDF4B69-E266-476C-ADC3-99F5AB096F56}.Debug|Mixed Platforms.ActiveCfg = Debug|Any CPU
		{1BDF4B69-E266-476C-ADC3-99F5AB096F56}.Debug|Mixed Platforms.Build.0 = Debug|Any CPU
		{1BDF4B69-E266-476C-ADC3-99F5AB096F56}.Debug|x64.ActiveCfg = Debug|Any CPU
		{1BDF4B69-E266-476C-ADC3-99F5AB096F56}.Debug|x86.ActiveCfg = Debug|Any CPU
		{1BDF4B69-E266-476C-ADC3-99F5AB096F56}.DVD-5|Any CPU.ActiveCfg = Debug|Any CPU
		{1BDF4B69-E266-476C-ADC3-99F5AB096F56}.DVD-5|Any CPU.Build.0 = Debug|Any CPU
		{1BDF4B69-E266-476C-ADC3-99F5AB096F56}.DVD-5|ARM.ActiveCfg = Debug|Any CPU
		{1BDF4B69-E266-476C-ADC3-99F5AB096F56}.DVD-5|Mixed Platforms.ActiveCfg = Debug|Any CPU
		{1BDF4B69-E266-476C-ADC3-99F5AB096F56}.DVD-5|Mixed Platforms.Build.0 = Debug|Any CPU
		{1BDF4B69-E266-476C-ADC3-99F5AB096F56}.DVD-5|x64.ActiveCfg = Debug|Any CPU
		{1BDF4B69-E266-476C-ADC3-99F5AB096F56}.DVD-5|x86.ActiveCfg = Debug|Any CPU
		{1BDF4B69-E266-476C-ADC3-99F5AB096F56}.Release|Any CPU.ActiveCfg = Release|Any CPU
		{1BDF4B69-E266-476C-ADC3-99F5AB096F56}.Release|Any CPU.Build.0 = Release|Any CPU
		{1BDF4B69-E266-476C-ADC3-99F5AB096F56}.Release|ARM.ActiveCfg = Release|Any CPU
		{1BDF4B69-E266-476C-ADC3-99F5AB096F56}.Release|Mixed Platforms.ActiveCfg = Release|Any CPU
		{1BDF4B69-E266-476C-ADC3-99F5AB096F56}.Release|Mixed Platforms.Build.0 = Release|Any CPU
		{1BDF4B69-E266-476C-ADC3-99F5AB096F56}.Release|x64.ActiveCfg = Release|Any CPU
		{1BDF4B69-E266-476C-ADC3-99F5AB096F56}.Release|x86.ActiveCfg = Release|Any CPU
		{1BDF4B69-E266-476C-ADC3-99F5AB096F56}.SingleImage|Any CPU.ActiveCfg = Release|Any CPU
		{1BDF4B69-E266-476C-ADC3-99F5AB096F56}.SingleImage|Any CPU.Build.0 = Release|Any CPU
		{1BDF4B69-E266-476C-ADC3-99F5AB096F56}.SingleImage|ARM.ActiveCfg = Release|Any CPU
		{1BDF4B69-E266-476C-ADC3-99F5AB096F56}.SingleImage|Mixed Platforms.ActiveCfg = Release|Any CPU
		{1BDF4B69-E266-476C-ADC3-99F5AB096F56}.SingleImage|Mixed Platforms.Build.0 = Release|Any CPU
		{1BDF4B69-E266-476C-ADC3-99F5AB096F56}.SingleImage|x64.ActiveCfg = Release|Any CPU
		{1BDF4B69-E266-476C-ADC3-99F5AB096F56}.SingleImage|x86.ActiveCfg = Release|Any CPU
		{08F9FC86-E0E4-4C88-B1DC-8993960A494C}.CD_ROM|Any CPU.ActiveCfg = Release|Any CPU
		{08F9FC86-E0E4-4C88-B1DC-8993960A494C}.CD_ROM|Any CPU.Build.0 = Release|Any CPU
		{08F9FC86-E0E4-4C88-B1DC-8993960A494C}.CD_ROM|ARM.ActiveCfg = Release|Any CPU
		{08F9FC86-E0E4-4C88-B1DC-8993960A494C}.CD_ROM|Mixed Platforms.ActiveCfg = Release|Any CPU
		{08F9FC86-E0E4-4C88-B1DC-8993960A494C}.CD_ROM|Mixed Platforms.Build.0 = Release|Any CPU
		{08F9FC86-E0E4-4C88-B1DC-8993960A494C}.CD_ROM|x64.ActiveCfg = Release|Any CPU
		{08F9FC86-E0E4-4C88-B1DC-8993960A494C}.CD_ROM|x86.ActiveCfg = Release|Any CPU
		{08F9FC86-E0E4-4C88-B1DC-8993960A494C}.Debug|Any CPU.ActiveCfg = Debug|Any CPU
		{08F9FC86-E0E4-4C88-B1DC-8993960A494C}.Debug|Any CPU.Build.0 = Debug|Any CPU
		{08F9FC86-E0E4-4C88-B1DC-8993960A494C}.Debug|ARM.ActiveCfg = Debug|Any CPU
		{08F9FC86-E0E4-4C88-B1DC-8993960A494C}.Debug|Mixed Platforms.ActiveCfg = Debug|Any CPU
		{08F9FC86-E0E4-4C88-B1DC-8993960A494C}.Debug|Mixed Platforms.Build.0 = Debug|Any CPU
		{08F9FC86-E0E4-4C88-B1DC-8993960A494C}.Debug|x64.ActiveCfg = Debug|Any CPU
		{08F9FC86-E0E4-4C88-B1DC-8993960A494C}.Debug|x86.ActiveCfg = Debug|Any CPU
		{08F9FC86-E0E4-4C88-B1DC-8993960A494C}.DVD-5|Any CPU.ActiveCfg = Debug|Any CPU
		{08F9FC86-E0E4-4C88-B1DC-8993960A494C}.DVD-5|Any CPU.Build.0 = Debug|Any CPU
		{08F9FC86-E0E4-4C88-B1DC-8993960A494C}.DVD-5|ARM.ActiveCfg = Debug|Any CPU
		{08F9FC86-E0E4-4C88-B1DC-8993960A494C}.DVD-5|Mixed Platforms.ActiveCfg = Debug|Any CPU
		{08F9FC86-E0E4-4C88-B1DC-8993960A494C}.DVD-5|Mixed Platforms.Build.0 = Debug|Any CPU
		{08F9FC86-E0E4-4C88-B1DC-8993960A494C}.DVD-5|x64.ActiveCfg = Debug|Any CPU
		{08F9FC86-E0E4-4C88-B1DC-8993960A494C}.DVD-5|x86.ActiveCfg = Debug|Any CPU
		{08F9FC86-E0E4-4C88-B1DC-8993960A494C}.Release|Any CPU.ActiveCfg = Release|Any CPU
		{08F9FC86-E0E4-4C88-B1DC-8993960A494C}.Release|Any CPU.Build.0 = Release|Any CPU
		{08F9FC86-E0E4-4C88-B1DC-8993960A494C}.Release|ARM.ActiveCfg = Release|Any CPU
		{08F9FC86-E0E4-4C88-B1DC-8993960A494C}.Release|Mixed Platforms.ActiveCfg = Release|Any CPU
		{08F9FC86-E0E4-4C88-B1DC-8993960A494C}.Release|Mixed Platforms.Build.0 = Release|Any CPU
		{08F9FC86-E0E4-4C88-B1DC-8993960A494C}.Release|x64.ActiveCfg = Release|Any CPU
		{08F9FC86-E0E4-4C88-B1DC-8993960A494C}.Release|x86.ActiveCfg = Release|Any CPU
		{08F9FC86-E0E4-4C88-B1DC-8993960A494C}.SingleImage|Any CPU.ActiveCfg = Release|Any CPU
		{08F9FC86-E0E4-4C88-B1DC-8993960A494C}.SingleImage|Any CPU.Build.0 = Release|Any CPU
		{08F9FC86-E0E4-4C88-B1DC-8993960A494C}.SingleImage|ARM.ActiveCfg = Release|Any CPU
		{08F9FC86-E0E4-4C88-B1DC-8993960A494C}.SingleImage|Mixed Platforms.ActiveCfg = Release|Any CPU
		{08F9FC86-E0E4-4C88-B1DC-8993960A494C}.SingleImage|Mixed Platforms.Build.0 = Release|Any CPU
		{08F9FC86-E0E4-4C88-B1DC-8993960A494C}.SingleImage|x64.ActiveCfg = Release|Any CPU
		{08F9FC86-E0E4-4C88-B1DC-8993960A494C}.SingleImage|x86.ActiveCfg = Release|Any CPU
	EndGlobalSection
	GlobalSection(SolutionProperties) = preSolution
		HideSolutionNode = FALSE
	EndGlobalSection
EndGlobal
